// !$*UTF8*$!
{
	archiveVersion = 1;
	classes = {
	};
	objectVersion = 50;
	objects = {

/* Begin PBXBuildFile section */
		AC18E541216BCD2E00FDE10D /* AppDelegate.swift in Sources */ = {isa = PBXBuildFile; fileRef = AC18E540216BCD2E00FDE10D /* AppDelegate.swift */; };
		AC18E543216BCD2E00FDE10D /* ViewController.swift in Sources */ = {isa = PBXBuildFile; fileRef = AC18E542216BCD2E00FDE10D /* ViewController.swift */; };
		AC18E546216BCD2E00FDE10D /* Main.storyboard in Resources */ = {isa = PBXBuildFile; fileRef = AC18E544216BCD2E00FDE10D /* Main.storyboard */; };
		AC18E548216BCD3000FDE10D /* Assets.xcassets in Resources */ = {isa = PBXBuildFile; fileRef = AC18E547216BCD3000FDE10D /* Assets.xcassets */; };
		AC18E54B216BCD3000FDE10D /* LaunchScreen.storyboard in Resources */ = {isa = PBXBuildFile; fileRef = AC18E549216BCD3000FDE10D /* LaunchScreen.storyboard */; };
		AC18E556216BCD3000FDE10D /* CalculatorTests.swift in Sources */ = {isa = PBXBuildFile; fileRef = AC18E555216BCD3000FDE10D /* CalculatorTests.swift */; };
		AC18E561216BCD3100FDE10D /* CalculatorUITests.swift in Sources */ = {isa = PBXBuildFile; fileRef = AC18E560216BCD3100FDE10D /* CalculatorUITests.swift */; };
/* End PBXBuildFile section */

/* Begin PBXContainerItemProxy section */
		AC18E552216BCD3000FDE10D /* PBXContainerItemProxy */ = {
			isa = PBXContainerItemProxy;
			containerPortal = AC18E535216BCD2E00FDE10D /* Project object */;
			proxyType = 1;
			remoteGlobalIDString = AC18E53C216BCD2E00FDE10D;
			remoteInfo = Calculator;
		};
		AC18E55D216BCD3100FDE10D /* PBXContainerItemProxy */ = {
			isa = PBXContainerItemProxy;
			containerPortal = AC18E535216BCD2E00FDE10D /* Project object */;
			proxyType = 1;
			remoteGlobalIDString = AC18E53C216BCD2E00FDE10D;
			remoteInfo = Calculator;
		};
/* End PBXContainerItemProxy section */

/* Begin PBXFileReference section */
		AC18E53D216BCD2E00FDE10D /* Calculator.app */ = {isa = PBXFileReference; explicitFileType = wrapper.application; includeInIndex = 0; path = Calculator.app; sourceTree = BUILT_PRODUCTS_DIR; };
		AC18E540216BCD2E00FDE10D /* AppDelegate.swift */ = {isa = PBXFileReference; lastKnownFileType = sourcecode.swift; path = AppDelegate.swift; sourceTree = "<group>"; };
		AC18E542216BCD2E00FDE10D /* ViewController.swift */ = {isa = PBXFileReference; lastKnownFileType = sourcecode.swift; path = ViewController.swift; sourceTree = "<group>"; };
		AC18E545216BCD2E00FDE10D /* Base */ = {isa = PBXFileReference; lastKnownFileType = file.storyboard; name = Base; path = Base.lproj/Main.storyboard; sourceTree = "<group>"; };
		AC18E547216BCD3000FDE10D /* Assets.xcassets */ = {isa = PBXFileReference; lastKnownFileType = folder.assetcatalog; path = Assets.xcassets; sourceTree = "<group>"; };
		AC18E54A216BCD3000FDE10D /* Base */ = {isa = PBXFileReference; lastKnownFileType = file.storyboard; name = Base; path = Base.lproj/LaunchScreen.storyboard; sourceTree = "<group>"; };
		AC18E54C216BCD3000FDE10D /* Info.plist */ = {isa = PBXFileReference; lastKnownFileType = text.plist.xml; path = Info.plist; sourceTree = "<group>"; };
		AC18E551216BCD3000FDE10D /* CalculatorTests.xctest */ = {isa = PBXFileReference; explicitFileType = wrapper.cfbundle; includeInIndex = 0; path = CalculatorTests.xctest; sourceTree = BUILT_PRODUCTS_DIR; };
		AC18E555216BCD3000FDE10D /* CalculatorTests.swift */ = {isa = PBXFileReference; lastKnownFileType = sourcecode.swift; path = CalculatorTests.swift; sourceTree = "<group>"; };
		AC18E557216BCD3000FDE10D /* Info.plist */ = {isa = PBXFileReference; lastKnownFileType = text.plist.xml; path = Info.plist; sourceTree = "<group>"; };
		AC18E55C216BCD3100FDE10D /* CalculatorUITests.xctest */ = {isa = PBXFileReference; explicitFileType = wrapper.cfbundle; includeInIndex = 0; path = CalculatorUITests.xctest; sourceTree = BUILT_PRODUCTS_DIR; };
		AC18E560216BCD3100FDE10D /* CalculatorUITests.swift */ = {isa = PBXFileReference; lastKnownFileType = sourcecode.swift; path = CalculatorUITests.swift; sourceTree = "<group>"; };
		AC18E562216BCD3100FDE10D /* Info.plist */ = {isa = PBXFileReference; lastKnownFileType = text.plist.xml; path = Info.plist; sourceTree = "<group>"; };
/* End PBXFileReference section */

/* Begin PBXFrameworksBuildPhase section */
		AC18E53A216BCD2E00FDE10D /* Frameworks */ = {
			isa = PBXFrameworksBuildPhase;
			buildActionMask = 2147483647;
			files = (
			);
			runOnlyForDeploymentPostprocessing = 0;
		};
		AC18E54E216BCD3000FDE10D /* Frameworks */ = {
			isa = PBXFrameworksBuildPhase;
			buildActionMask = 2147483647;
			files = (
			);
			runOnlyForDeploymentPostprocessing = 0;
		};
		AC18E559216BCD3100FDE10D /* Frameworks */ = {
			isa = PBXFrameworksBuildPhase;
			buildActionMask = 2147483647;
			files = (
			);
			runOnlyForDeploymentPostprocessing = 0;
		};
/* End PBXFrameworksBuildPhase section */

/* Begin PBXGroup section */
		AC18E534216BCD2E00FDE10D = {
			isa = PBXGroup;
			children = (
				AC18E53F216BCD2E00FDE10D /* Calculator */,
				AC18E554216BCD3000FDE10D /* CalculatorTests */,
				AC18E55F216BCD3100FDE10D /* CalculatorUITests */,
				AC18E53E216BCD2E00FDE10D /* Products */,
			);
			sourceTree = "<group>";
		};
		AC18E53E216BCD2E00FDE10D /* Products */ = {
			isa = PBXGroup;
			children = (
				AC18E53D216BCD2E00FDE10D /* Calculator.app */,
				AC18E551216BCD3000FDE10D /* CalculatorTests.xctest */,
				AC18E55C216BCD3100FDE10D /* CalculatorUITests.xctest */,
			);
			name = Products;
			sourceTree = "<group>";
		};
		AC18E53F216BCD2E00FDE10D /* Calculator */ = {
			isa = PBXGroup;
			children = (
				AC18E540216BCD2E00FDE10D /* AppDelegate.swift */,
				AC18E542216BCD2E00FDE10D /* ViewController.swift */,
				AC18E544216BCD2E00FDE10D /* Main.storyboard */,
				AC18E547216BCD3000FDE10D /* Assets.xcassets */,
				AC18E549216BCD3000FDE10D /* LaunchScreen.storyboard */,
				AC18E54C216BCD3000FDE10D /* Info.plist */,
			);
			path = Calculator;
			sourceTree = "<group>";
		};
		AC18E554216BCD3000FDE10D /* CalculatorTests */ = {
			isa = PBXGroup;
			children = (
				AC18E555216BCD3000FDE10D /* CalculatorTests.swift */,
				AC18E557216BCD3000FDE10D /* Info.plist */,
			);
			path = CalculatorTests;
			sourceTree = "<group>";
		};
		AC18E55F216BCD3100FDE10D /* CalculatorUITests */ = {
			isa = PBXGroup;
			children = (
				AC18E560216BCD3100FDE10D /* CalculatorUITests.swift */,
				AC18E562216BCD3100FDE10D /* Info.plist */,
			);
			path = CalculatorUITests;
			sourceTree = "<group>";
		};
/* End PBXGroup section */

/* Begin PBXNativeTarget section */
		AC18E53C216BCD2E00FDE10D /* Calculator */ = {
			isa = PBXNativeTarget;
			buildConfigurationList = AC18E565216BCD3100FDE10D /* Build configuration list for PBXNativeTarget "Calculator" */;
			buildPhases = (
				AC18E539216BCD2E00FDE10D /* Sources */,
				AC18E53A216BCD2E00FDE10D /* Frameworks */,
				AC18E53B216BCD2E00FDE10D /* Resources */,
			);
			buildRules = (
			);
			dependencies = (
			);
			name = Calculator;
			productName = Calculator;
			productReference = AC18E53D216BCD2E00FDE10D /* Calculator.app */;
			productType = "com.apple.product-type.application";
		};
		AC18E550216BCD3000FDE10D /* CalculatorTests */ = {
			isa = PBXNativeTarget;
			buildConfigurationList = AC18E568216BCD3100FDE10D /* Build configuration list for PBXNativeTarget "CalculatorTests" */;
			buildPhases = (
				AC18E54D216BCD3000FDE10D /* Sources */,
				AC18E54E216BCD3000FDE10D /* Frameworks */,
				AC18E54F216BCD3000FDE10D /* Resources */,
			);
			buildRules = (
			);
			dependencies = (
				AC18E553216BCD3000FDE10D /* PBXTargetDependency */,
			);
			name = CalculatorTests;
			productName = CalculatorTests;
			productReference = AC18E551216BCD3000FDE10D /* CalculatorTests.xctest */;
			productType = "com.apple.product-type.bundle.unit-test";
		};
		AC18E55B216BCD3100FDE10D /* CalculatorUITests */ = {
			isa = PBXNativeTarget;
			buildConfigurationList = AC18E56B216BCD3100FDE10D /* Build configuration list for PBXNativeTarget "CalculatorUITests" */;
			buildPhases = (
				AC18E558216BCD3100FDE10D /* Sources */,
				AC18E559216BCD3100FDE10D /* Frameworks */,
				AC18E55A216BCD3100FDE10D /* Resources */,
			);
			buildRules = (
			);
			dependencies = (
				AC18E55E216BCD3100FDE10D /* PBXTargetDependency */,
			);
			name = CalculatorUITests;
			productName = CalculatorUITests;
			productReference = AC18E55C216BCD3100FDE10D /* CalculatorUITests.xctest */;
			productType = "com.apple.product-type.bundle.ui-testing";
		};
/* End PBXNativeTarget section */

/* Begin PBXProject section */
		AC18E535216BCD2E00FDE10D /* Project object */ = {
			isa = PBXProject;
			attributes = {
				LastSwiftUpdateCheck = 0940;
				LastUpgradeCheck = 0940;
				ORGANIZATIONNAME = "Usuario invitado";
				TargetAttributes = {
					AC18E53C216BCD2E00FDE10D = {
						CreatedOnToolsVersion = 9.4.1;
					};
					AC18E550216BCD3000FDE10D = {
						CreatedOnToolsVersion = 9.4.1;
						TestTargetID = AC18E53C216BCD2E00FDE10D;
					};
					AC18E55B216BCD3100FDE10D = {
						CreatedOnToolsVersion = 9.4.1;
						TestTargetID = AC18E53C216BCD2E00FDE10D;
					};
				};
			};
			buildConfigurationList = AC18E538216BCD2E00FDE10D /* Build configuration list for PBXProject "Calculator" */;
			compatibilityVersion = "Xcode 9.3";
			developmentRegion = en;
			hasScannedForEncodings = 0;
			knownRegions = (
				en,
				Base,
			);
			mainGroup = AC18E534216BCD2E00FDE10D;
			productRefGroup = AC18E53E216BCD2E00FDE10D /* Products */;
			projectDirPath = "";
			projectRoot = "";
			targets = (
				AC18E53C216BCD2E00FDE10D /* Calculator */,
				AC18E550216BCD3000FDE10D /* CalculatorTests */,
				AC18E55B216BCD3100FDE10D /* CalculatorUITests */,
			);
		};
/* End PBXProject section */

/* Begin PBXResourcesBuildPhase section */
		AC18E53B216BCD2E00FDE10D /* Resources */ = {
			isa = PBXResourcesBuildPhase;
			buildActionMask = 2147483647;
			files = (
				AC18E54B216BCD3000FDE10D /* LaunchScreen.storyboard in Resources */,
				AC18E548216BCD3000FDE10D /* Assets.xcassets in Resources */,
				AC18E546216BCD2E00FDE10D /* Main.storyboard in Resources */,
			);
			runOnlyForDeploymentPostprocessing = 0;
		};
		AC18E54F216BCD3000FDE10D /* Resources */ = {
			isa = PBXResourcesBuildPhase;
			buildActionMask = 2147483647;
			files = (
			);
			runOnlyForDeploymentPostprocessing = 0;
		};
		AC18E55A216BCD3100FDE10D /* Resources */ = {
			isa = PBXResourcesBuildPhase;
			buildActionMask = 2147483647;
			files = (
			);
			runOnlyForDeploymentPostprocessing = 0;
		};
/* End PBXResourcesBuildPhase section */

/* Begin PBXSourcesBuildPhase section */
		AC18E539216BCD2E00FDE10D /* Sources */ = {
			isa = PBXSourcesBuildPhase;
			buildActionMask = 2147483647;
			files = (
				AC18E543216BCD2E00FDE10D /* ViewController.swift in Sources */,
				AC18E541216BCD2E00FDE10D /* AppDelegate.swift in Sources */,
			);
			runOnlyForDeploymentPostprocessing = 0;
		};
		AC18E54D216BCD3000FDE10D /* Sources */ = {
			isa = PBXSourcesBuildPhase;
			buildActionMask = 2147483647;
			files = (
				AC18E556216BCD3000FDE10D /* CalculatorTests.swift in Sources */,
			);
			runOnlyForDeploymentPostprocessing = 0;
		};
		AC18E558216BCD3100FDE10D /* Sources */ = {
			isa = PBXSourcesBuildPhase;
			buildActionMask = 2147483647;
			files = (
				AC18E561216BCD3100FDE10D /* CalculatorUITests.swift in Sources */,
			);
			runOnlyForDeploymentPostprocessing = 0;
		};
/* End PBXSourcesBuildPhase section */

/* Begin PBXTargetDependency section */
		AC18E553216BCD3000FDE10D /* PBXTargetDependency */ = {
			isa = PBXTargetDependency;
			target = AC18E53C216BCD2E00FDE10D /* Calculator */;
			targetProxy = AC18E552216BCD3000FDE10D /* PBXContainerItemProxy */;
		};
		AC18E55E216BCD3100FDE10D /* PBXTargetDependency */ = {
			isa = PBXTargetDependency;
			target = AC18E53C216BCD2E00FDE10D /* Calculator */;
			targetProxy = AC18E55D216BCD3100FDE10D /* PBXContainerItemProxy */;
		};
/* End PBXTargetDependency section */

/* Begin PBXVariantGroup section */
		AC18E544216BCD2E00FDE10D /* Main.storyboard */ = {
			isa = PBXVariantGroup;
			children = (
				AC18E545216BCD2E00FDE10D /* Base */,
			);
			name = Main.storyboard;
			sourceTree = "<group>";
		};
		AC18E549216BCD3000FDE10D /* LaunchScreen.storyboard */ = {
			isa = PBXVariantGroup;
			children = (
				AC18E54A216BCD3000FDE10D /* Base */,
			);
			name = LaunchScreen.storyboard;
			sourceTree = "<group>";
		};
/* End PBXVariantGroup section */

/* Begin XCBuildConfiguration section */
		AC18E563216BCD3100FDE10D /* Debug */ = {
			isa = XCBuildConfiguration;
			buildSettings = {
				ALWAYS_SEARCH_USER_PATHS = NO;
				CLANG_ANALYZER_NONNULL = YES;
				CLANG_ANALYZER_NUMBER_OBJECT_CONVERSION = YES_AGGRESSIVE;
				CLANG_CXX_LANGUAGE_STANDARD = "gnu++14";
				CLANG_CXX_LIBRARY = "libc++";
				CLANG_ENABLE_MODULES = YES;
				CLANG_ENABLE_OBJC_ARC = YES;
				CLANG_ENABLE_OBJC_WEAK = YES;
				CLANG_WARN_BLOCK_CAPTURE_AUTORELEASING = YES;
				CLANG_WARN_BOOL_CONVERSION = YES;
				CLANG_WARN_COMMA = YES;
				CLANG_WARN_CONSTANT_CONVERSION = YES;
				CLANG_WARN_DEPRECATED_OBJC_IMPLEMENTATIONS = YES;
				CLANG_WARN_DIRECT_OBJC_ISA_USAGE = YES_ERROR;
				CLANG_WARN_DOCUMENTATION_COMMENTS = YES;
				CLANG_WARN_EMPTY_BODY = YES;
				CLANG_WARN_ENUM_CONVERSION = YES;
				CLANG_WARN_INFINITE_RECURSION = YES;
				CLANG_WARN_INT_CONVERSION = YES;
				CLANG_WARN_NON_LITERAL_NULL_CONVERSION = YES;
				CLANG_WARN_OBJC_IMPLICIT_RETAIN_SELF = YES;
				CLANG_WARN_OBJC_LITERAL_CONVERSION = YES;
				CLANG_WARN_OBJC_ROOT_CLASS = YES_ERROR;
				CLANG_WARN_RANGE_LOOP_ANALYSIS = YES;
				CLANG_WARN_STRICT_PROTOTYPES = YES;
				CLANG_WARN_SUSPICIOUS_MOVE = YES;
				CLANG_WARN_UNGUARDED_AVAILABILITY = YES_AGGRESSIVE;
				CLANG_WARN_UNREACHABLE_CODE = YES;
				CLANG_WARN__DUPLICATE_METHOD_MATCH = YES;
				CODE_SIGN_IDENTITY = "iPhone Developer";
				COPY_PHASE_STRIP = NO;
				DEBUG_INFORMATION_FORMAT = dwarf;
				ENABLE_STRICT_OBJC_MSGSEND = YES;
				ENABLE_TESTABILITY = YES;
				GCC_C_LANGUAGE_STANDARD = gnu11;
				GCC_DYNAMIC_NO_PIC = NO;
				GCC_NO_COMMON_BLOCKS = YES;
				GCC_OPTIMIZATION_LEVEL = 0;
				GCC_PREPROCESSOR_DEFINITIONS = (
					"DEBUG=1",
					"$(inherited)",
				);
				GCC_WARN_64_TO_32_BIT_CONVERSION = YES;
				GCC_WARN_ABOUT_RETURN_TYPE = YES_ERROR;
				GCC_WARN_UNDECLARED_SELECTOR = YES;
				GCC_WARN_UNINITIALIZED_AUTOS = YES_AGGRESSIVE;
				GCC_WARN_UNUSED_FUNCTION = YES;
				GCC_WARN_UNUSED_VARIABLE = YES;
				IPHONEOS_DEPLOYMENT_TARGET = 11.4;
				MTL_ENABLE_DEBUG_INFO = YES;
				ONLY_ACTIVE_ARCH = YES;
				SDKROOT = iphoneos;
				SWIFT_ACTIVE_COMPILATION_CONDITIONS = DEBUG;
				SWIFT_OPTIMIZATION_LEVEL = "-Onone";
			};
			name = Debug;
		};
		AC18E564216BCD3100FDE10D /* Release */ = {
			isa = XCBuildConfiguration;
			buildSettings = {
				ALWAYS_SEARCH_USER_PATHS = NO;
				CLANG_ANALYZER_NONNULL = YES;
				CLANG_ANALYZER_NUMBER_OBJECT_CONVERSION = YES_AGGRESSIVE;
				CLANG_CXX_LANGUAGE_STANDARD = "gnu++14";
				CLANG_CXX_LIBRARY = "libc++";
				CLANG_ENABLE_MODULES = YES;
				CLANG_ENABLE_OBJC_ARC = YES;
				CLANG_ENABLE_OBJC_WEAK = YES;
				CLANG_WARN_BLOCK_CAPTURE_AUTORELEASING = YES;
				CLANG_WARN_BOOL_CONVERSION = YES;
				CLANG_WARN_COMMA = YES;
				CLANG_WARN_CONSTANT_CONVERSION = YES;
				CLANG_WARN_DEPRECATED_OBJC_IMPLEMENTATIONS = YES;
				CLANG_WARN_DIRECT_OBJC_ISA_USAGE = YES_ERROR;
				CLANG_WARN_DOCUMENTATION_COMMENTS = YES;
				CLANG_WARN_EMPTY_BODY = YES;
				CLANG_WARN_ENUM_CONVERSION = YES;
				CLANG_WARN_INFINITE_RECURSION = YES;
				CLANG_WARN_INT_CONVERSION = YES;
				CLANG_WARN_NON_LITERAL_NULL_CONVERSION = YES;
				CLANG_WARN_OBJC_IMPLICIT_RETAIN_SELF = YES;
				CLANG_WARN_OBJC_LITERAL_CONVERSION = YES;
				CLANG_WARN_OBJC_ROOT_CLASS = YES_ERROR;
				CLANG_WARN_RANGE_LOOP_ANALYSIS = YES;
				CLANG_WARN_STRICT_PROTOTYPES = YES;
				CLANG_WARN_SUSPICIOUS_MOVE = YES;
				CLANG_WARN_UNGUARDED_AVAILABILITY = YES_AGGRESSIVE;
				CLANG_WARN_UNREACHABLE_CODE = YES;
				CLANG_WARN__DUPLICATE_METHOD_MATCH = YES;
				CODE_SIGN_IDENTITY = "iPhone Developer";
				COPY_PHASE_STRIP = NO;
				DEBUG_INFORMATION_FORMAT = "dwarf-with-dsym";
				ENABLE_NS_ASSERTIONS = NO;
				ENABLE_STRICT_OBJC_MSGSEND = YES;
				GCC_C_LANGUAGE_STANDARD = gnu11;
				GCC_NO_COMMON_BLOCKS = YES;
				GCC_WARN_64_TO_32_BIT_CONVERSION = YES;
				GCC_WARN_ABOUT_RETURN_TYPE = YES_ERROR;
				GCC_WARN_UNDECLARED_SELECTOR = YES;
				GCC_WARN_UNINITIALIZED_AUTOS = YES_AGGRESSIVE;
				GCC_WARN_UNUSED_FUNCTION = YES;
				GCC_WARN_UNUSED_VARIABLE = YES;
				IPHONEOS_DEPLOYMENT_TARGET = 11.4;
				MTL_ENABLE_DEBUG_INFO = NO;
				SDKROOT = iphoneos;
				SWIFT_COMPILATION_MODE = wholemodule;
				SWIFT_OPTIMIZATION_LEVEL = "-O";
				VALIDATE_PRODUCT = YES;
			};
			name = Release;
		};
		AC18E566216BCD3100FDE10D /* Debug */ = {
			isa = XCBuildConfiguration;
			buildSettings = {
				ASSETCATALOG_COMPILER_APPICON_NAME = AppIcon;
				CODE_SIGN_STYLE = Automatic;
				INFOPLIST_FILE = Calculator/Info.plist;
				LD_RUNPATH_SEARCH_PATHS = (
					"$(inherited)",
					"@executable_path/Frameworks",
				);
				PRODUCT_BUNDLE_IDENTIFIER = "Vic-LV.Calculator";
				PRODUCT_NAME = "$(TARGET_NAME)";
				SWIFT_VERSION = 4.0;
				TARGETED_DEVICE_FAMILY = "1,2";
			};
			name = Debug;
		};
		AC18E567216BCD3100FDE10D /* Release */ = {
			isa = XCBuildConfiguration;
			buildSettings = {
				ASSETCATALOG_COMPILER_APPICON_NAME = AppIcon;
				CODE_SIGN_STYLE = Automatic;
				INFOPLIST_FILE = Calculator/Info.plist;
				LD_RUNPATH_SEARCH_PATHS = (
					"$(inherited)",
					"@executable_path/Frameworks",
				);
				PRODUCT_BUNDLE_IDENTIFIER = "Vic-LV.Calculator";
				PRODUCT_NAME = "$(TARGET_NAME)";
				SWIFT_VERSION = 4.0;
				TARGETED_DEVICE_FAMILY = "1,2";
			};
			name = Release;
		};
		AC18E569216BCD3100FDE10D /* Debug */ = {
			isa = XCBuildConfiguration;
			buildSettings = {
				ALWAYS_EMBED_SWIFT_STANDARD_LIBRARIES = YES;
				BUNDLE_LOADER = "$(TEST_HOST)";
				CODE_SIGN_STYLE = Automatic;
				INFOPLIST_FILE = CalculatorTests/Info.plist;
				LD_RUNPATH_SEARCH_PATHS = (
					"$(inherited)",
					"@executable_path/Frameworks",
					"@loader_path/Frameworks",
				);
				PRODUCT_BUNDLE_IDENTIFIER = "Vic-LV.CalculatorTests";
				PRODUCT_NAME = "$(TARGET_NAME)";
				SWIFT_VERSION = 4.0;
				TARGETED_DEVICE_FAMILY = "1,2";
				TEST_HOST = "$(BUILT_PRODUCTS_DIR)/Calculator.app/Calculator";
			};
			name = Debug;
		};
		AC18E56A216BCD3100FDE10D /* Release */ = {
			isa = XCBuildConfiguration;
			buildSettings = {
				ALWAYS_EMBED_SWIFT_STANDARD_LIBRARIES = YES;
				BUNDLE_LOADER = "$(TEST_HOST)";
				CODE_SIGN_STYLE = Automatic;
				INFOPLIST_FILE = CalculatorTests/Info.plist;
				LD_RUNPATH_SEARCH_PATHS = (
					"$(inherited)",
					"@executable_path/Frameworks",
					"@loader_path/Frameworks",
				);
				PRODUCT_BUNDLE_IDENTIFIER = "Vic-LV.CalculatorTests";
				PRODUCT_NAME = "$(TARGET_NAME)";
				SWIFT_VERSION = 4.0;
				TARGETED_DEVICE_FAMILY = "1,2";
				TEST_HOST = "$(BUILT_PRODUCTS_DIR)/Calculator.app/Calculator";
			};
			name = Release;
		};
		AC18E56C216BCD3100FDE10D /* Debug */ = {
			isa = XCBuildConfiguration;
			buildSettings = {
				ALWAYS_EMBED_SWIFT_STANDARD_LIBRARIES = YES;
				CODE_SIGN_STYLE = Automatic;
				INFOPLIST_FILE = CalculatorUITests/Info.plist;
				LD_RUNPATH_SEARCH_PATHS = (
					"$(inherited)",
					"@executable_path/Frameworks",
					"@loader_path/Frameworks",
				);
				PRODUCT_BUNDLE_IDENTIFIER = "Vic-LV.CalculatorUITests";
				PRODUCT_NAME = "$(TARGET_NAME)";
				SWIFT_VERSION = 4.0;
				TARGETED_DEVICE_FAMILY = "1,2";
				TEST_TARGET_NAME = Calculator;
			};
			name = Debug;
		};
		AC18E56D216BCD3100FDE10D /* Release */ = {
			isa = XCBuildConfiguration;
			buildSettings = {
				ALWAYS_EMBED_SWIFT_STANDARD_LIBRARIES = YES;
				CODE_SIGN_STYLE = Automatic;
				INFOPLIST_FILE = CalculatorUITests/Info.plist;
				LD_RUNPATH_SEARCH_PATHS = (
					"$(inherited)",
					"@executable_path/Frameworks",
					"@loader_path/Frameworks",
				);
				PRODUCT_BUNDLE_IDENTIFIER = "Vic-LV.CalculatorUITests";
				PRODUCT_NAME = "$(TARGET_NAME)";
				SWIFT_VERSION = 4.0;
				TARGETED_DEVICE_FAMILY = "1,2";
				TEST_TARGET_NAME = Calculator;
			};
			name = Release;
		};
/* End XCBuildConfiguration section */

/* Begin XCConfigurationList section */
		AC18E538216BCD2E00FDE10D /* Build configuration list for PBXProject "Calculator" */ = {
			isa = XCConfigurationList;
			buildConfigurations = (
				AC18E563216BCD3100FDE10D /* Debug */,
				AC18E564216BCD3100FDE10D /* Release */,
			);
			defaultConfigurationIsVisible = 0;
			defaultConfigurationName = Release;
		};
		AC18E565216BCD3100FDE10D /* Build configuration list for PBXNativeTarget "Calculator" */ = {
			isa = XCConfigurationList;
			buildConfigurations = (
				AC18E566216BCD3100FDE10D /* Debug */,
				AC18E567216BCD3100FDE10D /* Release */,
			);
			defaultConfigurationIsVisible = 0;
			defaultConfigurationName = Release;
		};
		AC18E568216BCD3100FDE10D /* Build configuration list for PBXNativeTarget "CalculatorTests" */ = {
			isa = XCConfigurationList;
			buildConfigurations = (
				AC18E569216BCD3100FDE10D /* Debug */,
				AC18E56A216BCD3100FDE10D /* Release */,
			);
			defaultConfigurationIsVisible = 0;
			defaultConfigurationName = Release;
		};
		AC18E56B216BCD3100FDE10D /* Build configuration list for PBXNativeTarget "CalculatorUITests" */ = {
			isa = XCConfigurationList;
			buildConfigurations = (
				AC18E56C216BCD3100FDE10D /* Debug */,
				AC18E56D216BCD3100FDE10D /* Release */,
			);
			defaultConfigurationIsVisible = 0;
			defaultConfigurationName = Release;
		};
/* End XCConfigurationList section */
	};
	rootObject = AC18E535216BCD2E00FDE10D /* Project object */;
}
